
Microsoft Visual Studio Solution File, Format Version 12.00
# Visual Studio Version 17
VisualStudioVersion = 17.3.32825.248
MinimumVisualStudioVersion = 10.0.40219.1
Project("{FAE04EC0-301F-11D3-BF4B-00C04F79EFBC}") = "Project_01", "Project_01\Project_01.csproj", "{2587F835-5F63-4C28-8D8B-69F5622F6ECC}"
EndProject
Project("{FAE04EC0-301F-11D3-BF4B-00C04F79EFBC}") = "Project_02", "Project_02\Project_02.csproj", "{D9EEF68C-1252-4AA6-97C2-5FA05A4C1227}"
EndProject
Project("{FAE04EC0-301F-11D3-BF4B-00C04F79EFBC}") = "Project_03", "Project_03\Project_03.csproj", "{348709FA-7B26-4C53-9203-3950B6A6BDA2}"
EndProject
Global
	GlobalSection(SolutionConfigurationPlatforms) = preSolution
		Debug|Any CPU = Debug|Any CPU
		Release|Any CPU = Release|Any CPU
	EndGlobalSection
	GlobalSection(ProjectConfigurationPlatforms) = postSolution
		{2587F835-5F63-4C28-8D8B-69F5622F6ECC}.Debug|Any CPU.ActiveCfg = Debug|Any CPU
		{2587F835-5F63-4C28-8D8B-69F5622F6ECC}.Debug|Any CPU.Build.0 = Debug|Any CPU
		{2587F835-5F63-4C28-8D8B-69F5622F6ECC}.Release|Any CPU.ActiveCfg = Release|Any CPU
		{2587F835-5F63-4C28-8D8B-69F5622F6ECC}.Release|Any CPU.Build.0 = Release|Any CPU
		{D9EEF68C-1252-4AA6-97C2-5FA05A4C1227}.Debug|Any CPU.ActiveCfg = Debug|Any CPU
		{D9EEF68C-1252-4AA6-97C2-5FA05A4C1227}.Debug|Any CPU.Build.0 = Debug|Any CPU
		{D9EEF68C-1252-4AA6-97C2-5FA05A4C1227}.Release|Any CPU.ActiveCfg = Release|Any CPU
		{D9EEF68C-1252-4AA6-97C2-5FA05A4C1227}.Release|Any CPU.Build.0 = Release|Any CPU
		{348709FA-7B26-4C53-9203-3950B6A6BDA2}.Debug|Any CPU.ActiveCfg = Debug|Any CPU
		{348709FA-7B26-4C53-9203-3950B6A6BDA2}.Debug|Any CPU.Build.0 = Debug|Any CPU
		{348709FA-7B26-4C53-9203-3950B6A6BDA2}.Release|Any CPU.ActiveCfg = Release|Any CPU
		{348709FA-7B26-4C53-9203-3950B6A6BDA2}.Release|Any CPU.Build.0 = Release|Any CPU
	EndGlobalSection
	GlobalSection(SolutionProperties) = preSolution
		HideSolutionNode = FALSE
	EndGlobalSection
	GlobalSection(ExtensibilityGlobals) = postSolution
		SolutionGuid = {AFC9D123-B943-4E41-9F73-452B5DA2EAAB}
	EndGlobalSection
EndGlobal
